{
  "schema_version": 1,
  "cargo_lock_sha256": "7b0db247984c85212f45f6b890af4190afe4f6b744fc6efd26087bcb5ce4a888",
  "target_resolves": {
    "base": {
      "autocfg-1.5.0": {
        "runtime_dependencies": [],
        "build_dependencies": [],
        "features": []
      },
      "chrono-0.4.44": {
        "runtime_dependencies": [
          {
            "name": "iana_time_zone",
            "package_key": "iana-time-zone-0.1.65",
            "kind": "normal",
            "features": [],
            "uses_default_features": true,
            "optional": false,
            "target": "cfg(unix)",
            "tree": "target"
          },
          {
            "name": "num_traits",
            "package_key": "num-traits-0.2.19",
            "kind": "normal",
            "features": [],
            "uses_default_features": true,
            "optional": false,
            "target": null,
            "tree": "target"
          },
          {
            "name": "serde",
            "package_key": "serde-1.0.228",
            "kind": "normal",
            "features": [],
            "uses_default_features": false,
            "optional": true,
            "target": null,
            "tree": "target"
          }
        ],
        "build_dependencies": [],
        "features": [
          "alloc",
          "clock",
          "default",
          "iana-time-zone",
          "js-sys",
          "now",
          "oldtime",
          "serde",
          "std",
          "wasm-bindgen",
          "wasmbind",
          "winapi",
          "windows-link"
        ]
      },
      "compass_core-0.1.0": {
        "runtime_dependencies": [
          {
            "name": "chrono",
            "package_key": "chrono-0.4.44",
            "kind": "normal",
            "features": [
              "serde"
            ],
            "uses_default_features": true,
            "optional": false,
            "target": null,
            "tree": "target"
          },
          {
            "name": "directories",
            "package_key": "directories-6.0.0",
            "kind": "normal",
            "features": [],
            "uses_default_features": true,
            "optional": false,
            "target": null,
            "tree": "target"
          },
          {
            "name": "nucleo_matcher",
            "package_key": "nucleo-matcher-0.3.1",
            "kind": "normal",
            "features": [],
            "uses_default_features": true,
            "optional": false,
            "target": null,
            "tree": "target"
          },
          {
            "name": "nvim_oxi",
            "package_key": "nvim-oxi-0.5.1",
            "kind": "normal",
            "features": [],
            "uses_default_features": true,
            "optional": false,
            "target": null,
            "tree": "target"
          },
          {
            "name": "serde",
            "package_key": "serde-1.0.228",
            "kind": "normal",
            "features": [
              "derive"
            ],
            "uses_default_features": true,
            "optional": false,
            "target": null,
            "tree": "target"
          },
          {
            "name": "serde_json",
            "package_key": "serde_json-1.0.149",
            "kind": "normal",
            "features": [],
            "uses_default_features": true,
            "optional": false,
            "target": null,
            "tree": "target"
          },
          {
            "name": "walkdir",
            "package_key": "walkdir-2.5.0",
            "kind": "normal",
            "features": [],
            "uses_default_features": true,
            "optional": false,
            "target": null,
            "tree": "target"
          }
        ],
        "build_dependencies": [],
        "features": []
      },
      "directories-6.0.0": {
        "runtime_dependencies": [
          {
            "name": "dirs_sys",
            "package_key": "dirs-sys-0.5.0",
            "kind": "normal",
            "features": [],
            "uses_default_features": true,
            "optional": false,
            "target": null,
            "tree": "target"
          }
        ],
        "build_dependencies": [],
        "features": []
      },
      "dirs-sys-0.5.0": {
        "runtime_dependencies": [
          {
            "name": "libc",
            "package_key": "libc-0.2.182",
            "kind": "normal",
            "features": [],
            "uses_default_features": true,
            "optional": false,
            "target": "cfg(unix)",
            "tree": "target"
          },
          {
            "name": "option_ext",
            "package_key": "option-ext-0.2.0",
            "kind": "normal",
            "features": [],
            "uses_default_features": true,
            "optional": false,
            "target": null,
            "tree": "target"
          }
        ],
        "build_dependencies": [],
        "features": []
      },
      "itoa-1.0.17": {
        "runtime_dependencies": [],
        "build_dependencies": [],
        "features": []
      },
      "libc-0.2.182": {
        "runtime_dependencies": [],
        "build_dependencies": [],
        "features": [
          "default",
          "std"
        ]
      },
      "memchr-2.8.0": {
        "runtime_dependencies": [],
        "build_dependencies": [],
        "features": [
          "alloc",
          "default",
          "std"
        ]
      },
      "nucleo-matcher-0.3.1": {
        "runtime_dependencies": [
          {
            "name": "memchr",
            "package_key": "memchr-2.8.0",
            "kind": "normal",
            "features": [],
            "uses_default_features": true,
            "optional": false,
            "target": null,
            "tree": "target"
          },
          {
            "name": "unicode_segmentation",
            "package_key": "unicode-segmentation-1.12.0",
            "kind": "normal",
            "features": [],
            "uses_default_features": true,
            "optional": false,
            "target": null,
            "tree": "target"
          }
        ],
        "build_dependencies": [],
        "features": [
          "default",
          "unicode-casefold",
          "unicode-normalization",
          "unicode-segmentation"
        ]
      },
      "num-traits-0.2.19": {
        "runtime_dependencies": [],
        "build_dependencies": [
          {
            "name": "autocfg",
            "package_key": "autocfg-1.5.0",
            "kind": "build",
            "features": [],
            "uses_default_features": true,
            "optional": false,
            "target": null,
            "tree": "host"
          }
        ],
        "features": []
      },
      "nvim-oxi-0.5.1": {
        "runtime_dependencies": [
          {
            "name": "api",
            "package_key": "nvim-oxi-api-0.5.1",
            "kind": "normal",
            "features": [],
            "uses_default_features": true,
            "optional": false,
            "target": null,
            "tree": "target"
          },
          {
            "name": "luajit",
            "package_key": "nvim-oxi-luajit-0.5.1",
            "kind": "normal",
            "features": [],
            "uses_default_features": true,
            "optional": false,
            "target": null,
            "tree": "target"
          },
          {
            "name": "macros",
            "package_key": "nvim-oxi-macros-0.5.1",
            "kind": "normal",
            "features": [
              "plugin"
            ],
            "uses_default_features": true,
            "optional": false,
            "target": null,
            "tree": "host"
          },
          {
            "name": "types",
            "package_key": "nvim-oxi-types-0.5.1",
            "kind": "normal",
            "features": [
              "serde"
            ],
            "uses_default_features": true,
            "optional": false,
            "target": null,
            "tree": "target"
          },
          {
            "name": "thiserror",
            "package_key": "thiserror-1.0.69",
            "kind": "normal",
            "features": [],
            "uses_default_features": true,
            "optional": false,
            "target": null,
            "tree": "target"
          }
        ],
        "build_dependencies": [],
        "features": [
          "neovim-0-10"
        ]
      },
      "nvim-oxi-api-0.5.1": {
        "runtime_dependencies": [
          {
            "name": "luajit",
            "package_key": "nvim-oxi-luajit-0.5.1",
            "kind": "normal",
            "features": [],
            "uses_default_features": true,
            "optional": false,
            "target": null,
            "tree": "target"
          },
          {
            "name": "macros",
            "package_key": "nvim-oxi-macros-0.5.1",
            "kind": "normal",
            "features": [],
            "uses_default_features": true,
            "optional": false,
            "target": null,
            "tree": "host"
          },
          {
            "name": "types",
            "package_key": "nvim-oxi-types-0.5.1",
            "kind": "normal",
            "features": [
              "serde"
            ],
            "uses_default_features": true,
            "optional": false,
            "target": null,
            "tree": "target"
          },
          {
            "name": "serde",
            "package_key": "serde-1.0.228",
            "kind": "normal",
            "features": [
              "derive"
            ],
            "uses_default_features": true,
            "optional": false,
            "target": null,
            "tree": "target"
          },
          {
            "name": "serde_repr",
            "package_key": "serde_repr-0.1.20",
            "kind": "normal",
            "features": [],
            "uses_default_features": true,
            "optional": false,
            "target": null,
            "tree": "host"
          },
          {
            "name": "thiserror",
            "package_key": "thiserror-1.0.69",
            "kind": "normal",
            "features": [],
            "uses_default_features": true,
            "optional": false,
            "target": null,
            "tree": "target"
          }
        ],
        "build_dependencies": [],
        "features": [
          "neovim-0-10",
          "neovim-0-9"
        ]
      },
      "nvim-oxi-luajit-0.5.1": {
        "runtime_dependencies": [
          {
            "name": "thiserror",
            "package_key": "thiserror-1.0.69",
            "kind": "normal",
            "features": [],
            "uses_default_features": true,
            "optional": false,
            "target": null,
            "tree": "target"
          }
        ],
        "build_dependencies": [],
        "features": []
      },
      "nvim-oxi-macros-0.5.1": {
        "runtime_dependencies": [
          {
            "name": "proc_macro2",
            "package_key": "proc-macro2-1.0.106",
            "kind": "normal",
            "features": [],
            "uses_default_features": true,
            "optional": false,
            "target": null,
            "tree": "target"
          },
          {
            "name": "quote",
            "package_key": "quote-1.0.44",
            "kind": "normal",
            "features": [],
            "uses_default_features": true,
            "optional": false,
            "target": null,
            "tree": "target"
          },
          {
            "name": "syn",
            "package_key": "syn-2.0.117",
            "kind": "normal",
            "features": [
              "full"
            ],
            "uses_default_features": true,
            "optional": false,
            "target": null,
            "tree": "target"
          }
        ],
        "build_dependencies": [],
        "features": [
          "plugin"
        ]
      },
      "nvim-oxi-types-0.5.1": {
        "runtime_dependencies": [
          {
            "name": "libc",
            "package_key": "libc-0.2.182",
            "kind": "normal",
            "features": [],
            "uses_default_features": true,
            "optional": false,
            "target": null,
            "tree": "target"
          },
          {
            "name": "luajit",
            "package_key": "nvim-oxi-luajit-0.5.1",
            "kind": "normal",
            "features": [],
            "uses_default_features": true,
            "optional": false,
            "target": null,
            "tree": "target"
          },
          {
            "name": "serde",
            "package_key": "serde-1.0.228",
            "kind": "normal",
            "features": [],
            "uses_default_features": true,
            "optional": true,
            "target": null,
            "tree": "target"
          },
          {
            "name": "thiserror",
            "package_key": "thiserror-1.0.69",
            "kind": "normal",
            "features": [],
            "uses_default_features": true,
            "optional": false,
            "target": null,
            "tree": "target"
          }
        ],
        "build_dependencies": [],
        "features": [
          "serde"
        ]
      },
      "option-ext-0.2.0": {
        "runtime_dependencies": [],
        "build_dependencies": [],
        "features": []
      },
      "proc-macro2-1.0.106": {
        "runtime_dependencies": [
          {
            "name": "unicode_ident",
            "package_key": "unicode-ident-1.0.24",
            "kind": "normal",
            "features": [],
            "uses_default_features": true,
            "optional": false,
            "target": null,
            "tree": "target"
          }
        ],
        "build_dependencies": [],
        "features": [
          "default",
          "proc-macro"
        ]
      },
      "quote-1.0.44": {
        "runtime_dependencies": [
          {
            "name": "proc_macro2",
            "package_key": "proc-macro2-1.0.106",
            "kind": "normal",
            "features": [],
            "uses_default_features": true,
            "optional": false,
            "target": null,
            "tree": "target"
          }
        ],
        "build_dependencies": [],
        "features": [
          "default",
          "proc-macro"
        ]
      },
      "same-file-1.0.6": {
        "runtime_dependencies": [],
        "build_dependencies": [],
        "features": []
      },
      "serde-1.0.228": {
        "runtime_dependencies": [
          {
            "name": "serde_core",
            "package_key": "serde_core-1.0.228",
            "kind": "normal",
            "features": [
              "result"
            ],
            "uses_default_features": false,
            "optional": false,
            "target": null,
            "tree": "target"
          },
          {
            "name": "serde_derive",
            "package_key": "serde_derive-1.0.228",
            "kind": "normal",
            "features": [],
            "uses_default_features": true,
            "optional": true,
            "target": null,
            "tree": "host"
          }
        ],
        "build_dependencies": [],
        "features": [
          "default",
          "derive",
          "serde_derive",
          "std"
        ]
      },
      "serde_core-1.0.228": {
        "runtime_dependencies": [],
        "build_dependencies": [],
        "features": [
          "result",
          "std"
        ]
      },
      "serde_derive-1.0.228": {
        "runtime_dependencies": [
          {
            "name": "proc_macro2",
            "package_key": "proc-macro2-1.0.106",
            "kind": "normal",
            "features": [],
            "uses_default_features": true,
            "optional": false,
            "target": null,
            "tree": "target"
          },
          {
            "name": "quote",
            "package_key": "quote-1.0.44",
            "kind": "normal",
            "features": [
              "proc-macro"
            ],
            "uses_default_features": false,
            "optional": false,
            "target": null,
            "tree": "target"
          },
          {
            "name": "syn",
            "package_key": "syn-2.0.117",
            "kind": "normal",
            "features": [
              "clone-impls",
              "derive",
              "parsing",
              "printing",
              "proc-macro"
            ],
            "uses_default_features": false,
            "optional": false,
            "target": null,
            "tree": "target"
          }
        ],
        "build_dependencies": [],
        "features": [
          "default"
        ]
      },
      "serde_json-1.0.149": {
        "runtime_dependencies": [
          {
            "name": "itoa",
            "package_key": "itoa-1.0.17",
            "kind": "normal",
            "features": [],
            "uses_default_features": true,
            "optional": false,
            "target": null,
            "tree": "target"
          },
          {
            "name": "memchr",
            "package_key": "memchr-2.8.0",
            "kind": "normal",
            "features": [],
            "uses_default_features": false,
            "optional": false,
            "target": null,
            "tree": "target"
          },
          {
            "name": "serde_core",
            "package_key": "serde_core-1.0.228",
            "kind": "normal",
            "features": [],
            "uses_default_features": false,
            "optional": false,
            "target": null,
            "tree": "target"
          },
          {
            "name": "zmij",
            "package_key": "zmij-1.0.21",
            "kind": "normal",
            "features": [],
            "uses_default_features": true,
            "optional": false,
            "target": null,
            "tree": "target"
          }
        ],
        "build_dependencies": [],
        "features": [
          "default",
          "std"
        ]
      },
      "serde_repr-0.1.20": {
        "runtime_dependencies": [
          {
            "name": "proc_macro2",
            "package_key": "proc-macro2-1.0.106",
            "kind": "normal",
            "features": [],
            "uses_default_features": true,
            "optional": false,
            "target": null,
            "tree": "target"
          },
          {
            "name": "quote",
            "package_key": "quote-1.0.44",
            "kind": "normal",
            "features": [],
            "uses_default_features": true,
            "optional": false,
            "target": null,
            "tree": "target"
          },
          {
            "name": "syn",
            "package_key": "syn-2.0.117",
            "kind": "normal",
            "features": [],
            "uses_default_features": true,
            "optional": false,
            "target": null,
            "tree": "target"
          }
        ],
        "build_dependencies": [],
        "features": []
      },
      "syn-2.0.117": {
        "runtime_dependencies": [
          {
            "name": "proc_macro2",
            "package_key": "proc-macro2-1.0.106",
            "kind": "normal",
            "features": [],
            "uses_default_features": true,
            "optional": false,
            "target": null,
            "tree": "target"
          },
          {
            "name": "quote",
            "package_key": "quote-1.0.44",
            "kind": "normal",
            "features": [],
            "uses_default_features": false,
            "optional": true,
            "target": null,
            "tree": "target"
          },
          {
            "name": "unicode_ident",
            "package_key": "unicode-ident-1.0.24",
            "kind": "normal",
            "features": [],
            "uses_default_features": true,
            "optional": false,
            "target": null,
            "tree": "target"
          }
        ],
        "build_dependencies": [],
        "features": [
          "clone-impls",
          "default",
          "derive",
          "extra-traits",
          "full",
          "parsing",
          "printing",
          "proc-macro",
          "visit",
          "visit-mut"
        ]
      },
      "thiserror-1.0.69": {
        "runtime_dependencies": [
          {
            "name": "thiserror_impl",
            "package_key": "thiserror-impl-1.0.69",
            "kind": "normal",
            "features": [],
            "uses_default_features": true,
            "optional": false,
            "target": null,
            "tree": "host"
          }
        ],
        "build_dependencies": [],
        "features": []
      },
      "thiserror-impl-1.0.69": {
        "runtime_dependencies": [
          {
            "name": "proc_macro2",
            "package_key": "proc-macro2-1.0.106",
            "kind": "normal",
            "features": [],
            "uses_default_features": true,
            "optional": false,
            "target": null,
            "tree": "target"
          },
          {
            "name": "quote",
            "package_key": "quote-1.0.44",
            "kind": "normal",
            "features": [],
            "uses_default_features": true,
            "optional": false,
            "target": null,
            "tree": "target"
          },
          {
            "name": "syn",
            "package_key": "syn-2.0.117",
            "kind": "normal",
            "features": [],
            "uses_default_features": true,
            "optional": false,
            "target": null,
            "tree": "target"
          }
        ],
        "build_dependencies": [],
        "features": []
      },
      "unicode-ident-1.0.24": {
        "runtime_dependencies": [],
        "build_dependencies": [],
        "features": []
      },
      "unicode-segmentation-1.12.0": {
        "runtime_dependencies": [],
        "build_dependencies": [],
        "features": []
      },
      "walkdir-2.5.0": {
        "runtime_dependencies": [
          {
            "name": "same_file",
            "package_key": "same-file-1.0.6",
            "kind": "normal",
            "features": [],
            "uses_default_features": true,
            "optional": false,
            "target": null,
            "tree": "target"
          }
        ],
        "build_dependencies": [],
        "features": []
      },
      "zmij-1.0.21": {
        "runtime_dependencies": [],
        "build_dependencies": [],
        "features": []
      }
    },
    "targets": {
      "aarch64-apple-darwin": {
        "overrides": {
          "core-foundation-sys-0.8.7": {
            "runtime_dependencies": [],
            "build_dependencies": [],
            "features": [
              "default",
              "link"
            ]
          },
          "iana-time-zone-0.1.65": {
            "runtime_dependencies": [
              {
                "name": "core_foundation_sys",
                "package_key": "core-foundation-sys-0.8.7",
                "kind": "normal",
                "features": [],
                "uses_default_features": true,
                "optional": false,
                "target": "cfg(target_vendor = \"apple\")",
                "tree": "target"
              }
            ],
            "build_dependencies": [],
            "features": [
              "fallback"
            ]
          }
        }
      },
      "x86_64-apple-darwin": {
        "overrides": {
          "core-foundation-sys-0.8.7": {
            "runtime_dependencies": [],
            "build_dependencies": [],
            "features": [
              "default",
              "link"
            ]
          },
          "iana-time-zone-0.1.65": {
            "runtime_dependencies": [
              {
                "name": "core_foundation_sys",
                "package_key": "core-foundation-sys-0.8.7",
                "kind": "normal",
                "features": [],
                "uses_default_features": true,
                "optional": false,
                "target": "cfg(target_vendor = \"apple\")",
                "tree": "target"
              }
            ],
            "build_dependencies": [],
            "features": [
              "fallback"
            ]
          }
        }
      },
      "x86_64-unknown-linux-gnu": {
        "overrides": {
          "iana-time-zone-0.1.65": {
            "runtime_dependencies": [],
            "build_dependencies": [],
            "features": [
              "fallback"
            ]
          }
        }
      },
      "x86_64-unknown-linux-musl": {
        "overrides": {
          "iana-time-zone-0.1.65": {
            "runtime_dependencies": [],
            "build_dependencies": [],
            "features": [
              "fallback"
            ]
          }
        }
      },
      "aarch64-unknown-linux-gnu": {
        "overrides": {
          "iana-time-zone-0.1.65": {
            "runtime_dependencies": [],
            "build_dependencies": [],
            "features": [
              "fallback"
            ]
          }
        }
      },
      "aarch64-unknown-linux-musl": {
        "overrides": {
          "iana-time-zone-0.1.65": {
            "runtime_dependencies": [],
            "build_dependencies": [],
            "features": [
              "fallback"
            ]
          }
        }
      }
    }
  },
  "per_crate": {
    "autocfg-1.5.0": {
      "edition": "2015"
    },
    "chrono-0.4.44": {
      "edition": "2021"
    },
    "compass_core-0.1.0": {
      "edition": "2021",
      "lib_target": {
        "name": "compass_core",
        "path": "src/lib.rs"
      }
    },
    "core-foundation-sys-0.8.7": {
      "edition": "2018"
    },
    "directories-6.0.0": {
      "edition": "2015"
    },
    "dirs-sys-0.5.0": {
      "edition": "2015"
    },
    "iana-time-zone-0.1.65": {
      "edition": "2021"
    },
    "itoa-1.0.17": {
      "edition": "2021"
    },
    "libc-0.2.182": {
      "edition": "2021",
      "build_script": "build.rs"
    },
    "memchr-2.8.0": {
      "edition": "2021"
    },
    "nucleo-matcher-0.3.1": {
      "edition": "2021"
    },
    "num-traits-0.2.19": {
      "edition": "2021",
      "build_script": "build.rs"
    },
    "nvim-oxi-0.5.1": {
      "edition": "2021",
      "build_script": "build.rs"
    },
    "nvim-oxi-api-0.5.1": {
      "edition": "2021"
    },
    "nvim-oxi-luajit-0.5.1": {
      "edition": "2021"
    },
    "nvim-oxi-macros-0.5.1": {
      "edition": "2021",
      "proc_macro": true
    },
    "nvim-oxi-types-0.5.1": {
      "edition": "2021"
    },
    "option-ext-0.2.0": {
      "edition": "2015"
    },
    "proc-macro2-1.0.106": {
      "edition": "2021",
      "build_script": "build.rs"
    },
    "quote-1.0.44": {
      "edition": "2021",
      "build_script": "build.rs"
    },
    "same-file-1.0.6": {
      "edition": "2018"
    },
    "serde-1.0.228": {
      "edition": "2021",
      "build_script": "build.rs"
    },
    "serde_core-1.0.228": {
      "edition": "2021",
      "build_script": "build.rs"
    },
    "serde_derive-1.0.228": {
      "edition": "2021",
      "proc_macro": true
    },
    "serde_json-1.0.149": {
      "edition": "2021",
      "build_script": "build.rs"
    },
    "serde_repr-0.1.20": {
      "edition": "2021",
      "proc_macro": true
    },
    "syn-2.0.117": {
      "edition": "2021"
    },
    "thiserror-1.0.69": {
      "edition": "2021",
      "build_script": "build.rs"
    },
    "thiserror-impl-1.0.69": {
      "edition": "2021",
      "proc_macro": true
    },
    "unicode-ident-1.0.24": {
      "edition": "2021"
    },
    "unicode-segmentation-1.12.0": {
      "edition": "2018"
    },
    "walkdir-2.5.0": {
      "edition": "2018"
    },
    "zmij-1.0.21": {
      "edition": "2021",
      "build_script": "build.rs"
    }
  },
  "git_nar_sha256": {},
  "flake_metadata": {}
}
